
Microsoft Visual Studio Solution File, Format Version 12.00
# Visual Studio Version 16
VisualStudioVersion = 16.0.810.17
MinimumVisualStudioVersion = 10.0.40219.1
Project("{FAE04EC0-301F-11D3-BF4B-00C04F79EFBC}") = "AiFormsDemo.Android", "AiFormsDemo.Android\AiFormsDemo.Android.csproj", "{1B69E7D1-920F-4438-80CB-277308D1D525}"
EndProject
Project("{FAE04EC0-301F-11D3-BF4B-00C04F79EFBC}") = "AiFormsDemo.iOS", "AiFormsDemo.iOS\AiFormsDemo.iOS.csproj", "{0C352A1F-B7B8-4922-927E-42589F8ADDA0}"
EndProject
Project("{FAE04EC0-301F-11D3-BF4B-00C04F79EFBC}") = "AiFormsDemo", "AiFormsDemo\AiFormsDemo.csproj", "{59CDCE2B-BDD5-4B63-9194-67568CE9C5BE}"
EndProject
Global
	GlobalSection(SolutionConfigurationPlatforms) = preSolution
		Debug|Any CPU = Debug|Any CPU
		Release|Any CPU = Release|Any CPU
		Debug|iPhoneSimulator = Debug|iPhoneSimulator
		Release|iPhoneSimulator = Release|iPhoneSimulator
		Debug|iPhone = Debug|iPhone
		Release|iPhone = Release|iPhone
	EndGlobalSection
	GlobalSection(ProjectConfigurationPlatforms) = postSolution
		{1B69E7D1-920F-4438-80CB-277308D1D525}.Debug|Any CPU.ActiveCfg = Debug|Any CPU
		{1B69E7D1-920F-4438-80CB-277308D1D525}.Debug|Any CPU.Build.0 = Debug|Any CPU
		{1B69E7D1-920F-4438-80CB-277308D1D525}.Release|Any CPU.ActiveCfg = Release|Any CPU
		{1B69E7D1-920F-4438-80CB-277308D1D525}.Release|Any CPU.Build.0 = Release|Any CPU
		{1B69E7D1-920F-4438-80CB-277308D1D525}.Debug|iPhoneSimulator.ActiveCfg = Debug|Any CPU
		{1B69E7D1-920F-4438-80CB-277308D1D525}.Debug|iPhoneSimulator.Build.0 = Debug|Any CPU
		{1B69E7D1-920F-4438-80CB-277308D1D525}.Release|iPhoneSimulator.ActiveCfg = Release|Any CPU
		{1B69E7D1-920F-4438-80CB-277308D1D525}.Release|iPhoneSimulator.Build.0 = Release|Any CPU
		{1B69E7D1-920F-4438-80CB-277308D1D525}.Debug|iPhone.ActiveCfg = Debug|Any CPU
		{1B69E7D1-920F-4438-80CB-277308D1D525}.Debug|iPhone.Build.0 = Debug|Any CPU
		{1B69E7D1-920F-4438-80CB-277308D1D525}.Release|iPhone.ActiveCfg = Release|Any CPU
		{1B69E7D1-920F-4438-80CB-277308D1D525}.Release|iPhone.Build.0 = Release|Any CPU
		{0C352A1F-B7B8-4922-927E-42589F8ADDA0}.Debug|Any CPU.ActiveCfg = Debug|iPhoneSimulator
		{0C352A1F-B7B8-4922-927E-42589F8ADDA0}.Debug|Any CPU.Build.0 = Debug|iPhoneSimulator
		{0C352A1F-B7B8-4922-927E-42589F8ADDA0}.Release|Any CPU.ActiveCfg = Release|iPhoneSimulator
		{0C352A1F-B7B8-4922-927E-42589F8ADDA0}.Release|Any CPU.Build.0 = Release|iPhoneSimulator
		{0C352A1F-B7B8-4922-927E-42589F8ADDA0}.Debug|iPhoneSimulator.ActiveCfg = Debug|iPhoneSimulator
		{0C352A1F-B7B8-4922-927E-42589F8ADDA0}.Debug|iPhoneSimulator.Build.0 = Debug|iPhoneSimulator
		{0C352A1F-B7B8-4922-927E-42589F8ADDA0}.Release|iPhoneSimulator.ActiveCfg = Release|iPhoneSimulator
		{0C352A1F-B7B8-4922-927E-42589F8ADDA0}.Release|iPhoneSimulator.Build.0 = Release|iPhoneSimulator
		{0C352A1F-B7B8-4922-927E-42589F8ADDA0}.Debug|iPhone.ActiveCfg = Debug|iPhone
		{0C352A1F-B7B8-4922-927E-42589F8ADDA0}.Debug|iPhone.Build.0 = Debug|iPhone
		{0C352A1F-B7B8-4922-927E-42589F8ADDA0}.Release|iPhone.ActiveCfg = Release|iPhone
		{0C352A1F-B7B8-4922-927E-42589F8ADDA0}.Release|iPhone.Build.0 = Release|iPhone
		{59CDCE2B-BDD5-4B63-9194-67568CE9C5BE}.Debug|Any CPU.ActiveCfg = Debug|Any CPU
		{59CDCE2B-BDD5-4B63-9194-67568CE9C5BE}.Debug|Any CPU.Build.0 = Debug|Any CPU
		{59CDCE2B-BDD5-4B63-9194-67568CE9C5BE}.Release|Any CPU.ActiveCfg = Release|Any CPU
		{59CDCE2B-BDD5-4B63-9194-67568CE9C5BE}.Release|Any CPU.Build.0 = Release|Any CPU
		{59CDCE2B-BDD5-4B63-9194-67568CE9C5BE}.Debug|iPhoneSimulator.ActiveCfg = Debug|Any CPU
		{59CDCE2B-BDD5-4B63-9194-67568CE9C5BE}.Debug|iPhoneSimulator.Build.0 = Debug|Any CPU
		{59CDCE2B-BDD5-4B63-9194-67568CE9C5BE}.Release|iPhoneSimulator.ActiveCfg = Release|Any CPU
		{59CDCE2B-BDD5-4B63-9194-67568CE9C5BE}.Release|iPhoneSimulator.Build.0 = Release|Any CPU
		{59CDCE2B-BDD5-4B63-9194-67568CE9C5BE}.Debug|iPhone.ActiveCfg = Debug|Any CPU
		{59CDCE2B-BDD5-4B63-9194-67568CE9C5BE}.Debug|iPhone.Build.0 = Debug|Any CPU
		{59CDCE2B-BDD5-4B63-9194-67568CE9C5BE}.Release|iPhone.ActiveCfg = Release|Any CPU
		{59CDCE2B-BDD5-4B63-9194-67568CE9C5BE}.Release|iPhone.Build.0 = Release|Any CPU
	EndGlobalSection
	GlobalSection(SolutionProperties) = preSolution
		HideSolutionNode = FALSE
	EndGlobalSection
	GlobalSection(ExtensibilityGlobals) = postSolution
		SolutionGuid = {00E2F572-C0E1-419C-BEE4-F122462276FA}
	EndGlobalSection
EndGlobal
