
Microsoft Visual Studio Solution File, Format Version 12.00
# Visual Studio Version 16
VisualStudioVersion = 16.0.810.17
MinimumVisualStudioVersion = 10.0.40219.1
Project("{FAE04EC0-301F-11D3-BF4B-00C04F79EFBC}") = "CVSample.Android", "CVSample.Android\CVSample.Android.csproj", "{F6D68792-0FB3-4356-A9B2-7FF444068AE9}"
EndProject
Project("{FAE04EC0-301F-11D3-BF4B-00C04F79EFBC}") = "CVSample.iOS", "CVSample.iOS\CVSample.iOS.csproj", "{2D9F5433-37D3-4AE8-9460-7DB88E862F84}"
EndProject
Project("{FAE04EC0-301F-11D3-BF4B-00C04F79EFBC}") = "CVSample", "CVSample\CVSample.csproj", "{A8506854-EFF3-481F-AFDC-CC19387B8CD3}"
EndProject
Global
	GlobalSection(SolutionConfigurationPlatforms) = preSolution
		Debug|Any CPU = Debug|Any CPU
		Release|Any CPU = Release|Any CPU
		Debug|iPhoneSimulator = Debug|iPhoneSimulator
		Release|iPhoneSimulator = Release|iPhoneSimulator
		Debug|iPhone = Debug|iPhone
		Release|iPhone = Release|iPhone
	EndGlobalSection
	GlobalSection(ProjectConfigurationPlatforms) = postSolution
		{F6D68792-0FB3-4356-A9B2-7FF444068AE9}.Debug|Any CPU.ActiveCfg = Debug|Any CPU
		{F6D68792-0FB3-4356-A9B2-7FF444068AE9}.Debug|Any CPU.Build.0 = Debug|Any CPU
		{F6D68792-0FB3-4356-A9B2-7FF444068AE9}.Release|Any CPU.ActiveCfg = Release|Any CPU
		{F6D68792-0FB3-4356-A9B2-7FF444068AE9}.Release|Any CPU.Build.0 = Release|Any CPU
		{F6D68792-0FB3-4356-A9B2-7FF444068AE9}.Debug|iPhoneSimulator.ActiveCfg = Debug|Any CPU
		{F6D68792-0FB3-4356-A9B2-7FF444068AE9}.Debug|iPhoneSimulator.Build.0 = Debug|Any CPU
		{F6D68792-0FB3-4356-A9B2-7FF444068AE9}.Release|iPhoneSimulator.ActiveCfg = Release|Any CPU
		{F6D68792-0FB3-4356-A9B2-7FF444068AE9}.Release|iPhoneSimulator.Build.0 = Release|Any CPU
		{F6D68792-0FB3-4356-A9B2-7FF444068AE9}.Debug|iPhone.ActiveCfg = Debug|Any CPU
		{F6D68792-0FB3-4356-A9B2-7FF444068AE9}.Debug|iPhone.Build.0 = Debug|Any CPU
		{F6D68792-0FB3-4356-A9B2-7FF444068AE9}.Release|iPhone.ActiveCfg = Release|Any CPU
		{F6D68792-0FB3-4356-A9B2-7FF444068AE9}.Release|iPhone.Build.0 = Release|Any CPU
		{2D9F5433-37D3-4AE8-9460-7DB88E862F84}.Debug|Any CPU.ActiveCfg = Debug|iPhoneSimulator
		{2D9F5433-37D3-4AE8-9460-7DB88E862F84}.Debug|Any CPU.Build.0 = Debug|iPhoneSimulator
		{2D9F5433-37D3-4AE8-9460-7DB88E862F84}.Release|Any CPU.ActiveCfg = Release|iPhoneSimulator
		{2D9F5433-37D3-4AE8-9460-7DB88E862F84}.Release|Any CPU.Build.0 = Release|iPhoneSimulator
		{2D9F5433-37D3-4AE8-9460-7DB88E862F84}.Debug|iPhoneSimulator.ActiveCfg = Debug|iPhoneSimulator
		{2D9F5433-37D3-4AE8-9460-7DB88E862F84}.Debug|iPhoneSimulator.Build.0 = Debug|iPhoneSimulator
		{2D9F5433-37D3-4AE8-9460-7DB88E862F84}.Release|iPhoneSimulator.ActiveCfg = Release|iPhoneSimulator
		{2D9F5433-37D3-4AE8-9460-7DB88E862F84}.Release|iPhoneSimulator.Build.0 = Release|iPhoneSimulator
		{2D9F5433-37D3-4AE8-9460-7DB88E862F84}.Debug|iPhone.ActiveCfg = Debug|iPhone
		{2D9F5433-37D3-4AE8-9460-7DB88E862F84}.Debug|iPhone.Build.0 = Debug|iPhone
		{2D9F5433-37D3-4AE8-9460-7DB88E862F84}.Release|iPhone.ActiveCfg = Release|iPhone
		{2D9F5433-37D3-4AE8-9460-7DB88E862F84}.Release|iPhone.Build.0 = Release|iPhone
		{A8506854-EFF3-481F-AFDC-CC19387B8CD3}.Debug|Any CPU.ActiveCfg = Debug|Any CPU
		{A8506854-EFF3-481F-AFDC-CC19387B8CD3}.Debug|Any CPU.Build.0 = Debug|Any CPU
		{A8506854-EFF3-481F-AFDC-CC19387B8CD3}.Release|Any CPU.ActiveCfg = Release|Any CPU
		{A8506854-EFF3-481F-AFDC-CC19387B8CD3}.Release|Any CPU.Build.0 = Release|Any CPU
		{A8506854-EFF3-481F-AFDC-CC19387B8CD3}.Debug|iPhoneSimulator.ActiveCfg = Debug|Any CPU
		{A8506854-EFF3-481F-AFDC-CC19387B8CD3}.Debug|iPhoneSimulator.Build.0 = Debug|Any CPU
		{A8506854-EFF3-481F-AFDC-CC19387B8CD3}.Release|iPhoneSimulator.ActiveCfg = Release|Any CPU
		{A8506854-EFF3-481F-AFDC-CC19387B8CD3}.Release|iPhoneSimulator.Build.0 = Release|Any CPU
		{A8506854-EFF3-481F-AFDC-CC19387B8CD3}.Debug|iPhone.ActiveCfg = Debug|Any CPU
		{A8506854-EFF3-481F-AFDC-CC19387B8CD3}.Debug|iPhone.Build.0 = Debug|Any CPU
		{A8506854-EFF3-481F-AFDC-CC19387B8CD3}.Release|iPhone.ActiveCfg = Release|Any CPU
		{A8506854-EFF3-481F-AFDC-CC19387B8CD3}.Release|iPhone.Build.0 = Release|Any CPU
	EndGlobalSection
	GlobalSection(SolutionProperties) = preSolution
		HideSolutionNode = FALSE
	EndGlobalSection
	GlobalSection(ExtensibilityGlobals) = postSolution
		SolutionGuid = {3029F697-14A7-4B63-8EAA-F4CAA55D8AE4}
	EndGlobalSection
EndGlobal
