
Microsoft Visual Studio Solution File, Format Version 12.00
# Visual Studio Version 16
VisualStudioVersion = 16.0.810.17
MinimumVisualStudioVersion = 10.0.40219.1
Project("{FAE04EC0-301F-11D3-BF4B-00C04F79EFBC}") = "TriggersDemo.Android", "TriggersDemo.Android\TriggersDemo.Android.csproj", "{B52D3AC7-10D5-4E7A-AB2A-E62FC2A50A6A}"
EndProject
Project("{FAE04EC0-301F-11D3-BF4B-00C04F79EFBC}") = "TriggersDemo.iOS", "TriggersDemo.iOS\TriggersDemo.iOS.csproj", "{B22608A2-975E-4C19-A64D-186D81A17A81}"
EndProject
Project("{FAE04EC0-301F-11D3-BF4B-00C04F79EFBC}") = "TriggersDemo", "TriggersDemo\TriggersDemo.csproj", "{704F1842-83A9-457E-8EC3-14E9C2E586BA}"
EndProject
Global
	GlobalSection(SolutionConfigurationPlatforms) = preSolution
		Debug|Any CPU = Debug|Any CPU
		Release|Any CPU = Release|Any CPU
		Debug|iPhoneSimulator = Debug|iPhoneSimulator
		Release|iPhoneSimulator = Release|iPhoneSimulator
		Debug|iPhone = Debug|iPhone
		Release|iPhone = Release|iPhone
	EndGlobalSection
	GlobalSection(ProjectConfigurationPlatforms) = postSolution
		{B52D3AC7-10D5-4E7A-AB2A-E62FC2A50A6A}.Debug|Any CPU.ActiveCfg = Debug|Any CPU
		{B52D3AC7-10D5-4E7A-AB2A-E62FC2A50A6A}.Debug|Any CPU.Build.0 = Debug|Any CPU
		{B52D3AC7-10D5-4E7A-AB2A-E62FC2A50A6A}.Release|Any CPU.ActiveCfg = Release|Any CPU
		{B52D3AC7-10D5-4E7A-AB2A-E62FC2A50A6A}.Release|Any CPU.Build.0 = Release|Any CPU
		{B52D3AC7-10D5-4E7A-AB2A-E62FC2A50A6A}.Debug|iPhoneSimulator.ActiveCfg = Debug|Any CPU
		{B52D3AC7-10D5-4E7A-AB2A-E62FC2A50A6A}.Debug|iPhoneSimulator.Build.0 = Debug|Any CPU
		{B52D3AC7-10D5-4E7A-AB2A-E62FC2A50A6A}.Release|iPhoneSimulator.ActiveCfg = Release|Any CPU
		{B52D3AC7-10D5-4E7A-AB2A-E62FC2A50A6A}.Release|iPhoneSimulator.Build.0 = Release|Any CPU
		{B52D3AC7-10D5-4E7A-AB2A-E62FC2A50A6A}.Debug|iPhone.ActiveCfg = Debug|Any CPU
		{B52D3AC7-10D5-4E7A-AB2A-E62FC2A50A6A}.Debug|iPhone.Build.0 = Debug|Any CPU
		{B52D3AC7-10D5-4E7A-AB2A-E62FC2A50A6A}.Release|iPhone.ActiveCfg = Release|Any CPU
		{B52D3AC7-10D5-4E7A-AB2A-E62FC2A50A6A}.Release|iPhone.Build.0 = Release|Any CPU
		{B22608A2-975E-4C19-A64D-186D81A17A81}.Debug|Any CPU.ActiveCfg = Debug|iPhoneSimulator
		{B22608A2-975E-4C19-A64D-186D81A17A81}.Debug|Any CPU.Build.0 = Debug|iPhoneSimulator
		{B22608A2-975E-4C19-A64D-186D81A17A81}.Release|Any CPU.ActiveCfg = Release|iPhoneSimulator
		{B22608A2-975E-4C19-A64D-186D81A17A81}.Release|Any CPU.Build.0 = Release|iPhoneSimulator
		{B22608A2-975E-4C19-A64D-186D81A17A81}.Debug|iPhoneSimulator.ActiveCfg = Debug|iPhoneSimulator
		{B22608A2-975E-4C19-A64D-186D81A17A81}.Debug|iPhoneSimulator.Build.0 = Debug|iPhoneSimulator
		{B22608A2-975E-4C19-A64D-186D81A17A81}.Release|iPhoneSimulator.ActiveCfg = Release|iPhoneSimulator
		{B22608A2-975E-4C19-A64D-186D81A17A81}.Release|iPhoneSimulator.Build.0 = Release|iPhoneSimulator
		{B22608A2-975E-4C19-A64D-186D81A17A81}.Debug|iPhone.ActiveCfg = Debug|iPhone
		{B22608A2-975E-4C19-A64D-186D81A17A81}.Debug|iPhone.Build.0 = Debug|iPhone
		{B22608A2-975E-4C19-A64D-186D81A17A81}.Release|iPhone.ActiveCfg = Release|iPhone
		{B22608A2-975E-4C19-A64D-186D81A17A81}.Release|iPhone.Build.0 = Release|iPhone
		{704F1842-83A9-457E-8EC3-14E9C2E586BA}.Debug|Any CPU.ActiveCfg = Debug|Any CPU
		{704F1842-83A9-457E-8EC3-14E9C2E586BA}.Debug|Any CPU.Build.0 = Debug|Any CPU
		{704F1842-83A9-457E-8EC3-14E9C2E586BA}.Release|Any CPU.ActiveCfg = Release|Any CPU
		{704F1842-83A9-457E-8EC3-14E9C2E586BA}.Release|Any CPU.Build.0 = Release|Any CPU
		{704F1842-83A9-457E-8EC3-14E9C2E586BA}.Debug|iPhoneSimulator.ActiveCfg = Debug|Any CPU
		{704F1842-83A9-457E-8EC3-14E9C2E586BA}.Debug|iPhoneSimulator.Build.0 = Debug|Any CPU
		{704F1842-83A9-457E-8EC3-14E9C2E586BA}.Release|iPhoneSimulator.ActiveCfg = Release|Any CPU
		{704F1842-83A9-457E-8EC3-14E9C2E586BA}.Release|iPhoneSimulator.Build.0 = Release|Any CPU
		{704F1842-83A9-457E-8EC3-14E9C2E586BA}.Debug|iPhone.ActiveCfg = Debug|Any CPU
		{704F1842-83A9-457E-8EC3-14E9C2E586BA}.Debug|iPhone.Build.0 = Debug|Any CPU
		{704F1842-83A9-457E-8EC3-14E9C2E586BA}.Release|iPhone.ActiveCfg = Release|Any CPU
		{704F1842-83A9-457E-8EC3-14E9C2E586BA}.Release|iPhone.Build.0 = Release|Any CPU
	EndGlobalSection
	GlobalSection(SolutionProperties) = preSolution
		HideSolutionNode = FALSE
	EndGlobalSection
	GlobalSection(ExtensibilityGlobals) = postSolution
		SolutionGuid = {D0B9E8C9-E449-4B7A-AE44-DC749A2E8E47}
	EndGlobalSection
EndGlobal
